
Microsoft Visual Studio Solution File, Format Version 12.00
# Visual Studio Version 16
VisualStudioVersion = 16.0.28902.138
MinimumVisualStudioVersion = 15.0.26124.0
Project("{9A19103F-16F7-4668-BE54-9A1E7A4F7556}") = "WhosHere.Common", "WhosHere.Common\WhosHere.Common.csproj", "{A8E75C42-22A1-415F-9F78-FAA7A0C1A578}"
EndProject
Project("{9A19103F-16F7-4668-BE54-9A1E7A4F7556}") = "WhosHere.Wpf", "WhosHere.Wpf\WhosHere.Wpf.csproj", "{4838837E-C1E1-42CD-AB9C-E6A31578717C}"
EndProject
Project("{FAE04EC0-301F-11D3-BF4B-00C04F79EFBC}") = "WhosHere.Mobile.Android", "WhosHere.Mobile\WhosHere.Mobile.Android\WhosHere.Mobile.Android.csproj", "{5B18D26E-FD18-4D88-953E-90BB0E4528E2}"
EndProject
Project("{FAE04EC0-301F-11D3-BF4B-00C04F79EFBC}") = "WhosHere.Mobile.iOS", "WhosHere.Mobile\WhosHere.Mobile.iOS\WhosHere.Mobile.iOS.csproj", "{D5CAD27C-1FFD-4883-B487-DE1C28F38BF2}"
EndProject
Project("{9A19103F-16F7-4668-BE54-9A1E7A4F7556}") = "WhosHere.Mobile", "WhosHere.Mobile\WhosHere.Mobile\WhosHere.Mobile.csproj", "{39D0D830-4650-4EF6-9316-F9D1E0909B1D}"
EndProject
Project("{9A19103F-16F7-4668-BE54-9A1E7A4F7556}") = "WhosHere.Functions", "WhosHere.Functions\WhosHere.Functions.csproj", "{A0F66369-E959-4EC4-BE4E-F2D10FEF2662}"
EndProject
Project("{9A19103F-16F7-4668-BE54-9A1E7A4F7556}") = "WhosHere.Web", "WhosHere.Web\WhosHere.Web.csproj", "{386AFBEA-AAF4-408B-A6D5-9C57E209688C}"
EndProject
Global
	GlobalSection(SolutionConfigurationPlatforms) = preSolution
		Debug|Any CPU = Debug|Any CPU
		Debug|iPhone = Debug|iPhone
		Debug|iPhoneSimulator = Debug|iPhoneSimulator
		Debug|x64 = Debug|x64
		Debug|x86 = Debug|x86
		Release|Any CPU = Release|Any CPU
		Release|iPhone = Release|iPhone
		Release|iPhoneSimulator = Release|iPhoneSimulator
		Release|x64 = Release|x64
		Release|x86 = Release|x86
	EndGlobalSection
	GlobalSection(ProjectConfigurationPlatforms) = postSolution
		{A8E75C42-22A1-415F-9F78-FAA7A0C1A578}.Debug|Any CPU.ActiveCfg = Debug|Any CPU
		{A8E75C42-22A1-415F-9F78-FAA7A0C1A578}.Debug|Any CPU.Build.0 = Debug|Any CPU
		{A8E75C42-22A1-415F-9F78-FAA7A0C1A578}.Debug|iPhone.ActiveCfg = Debug|Any CPU
		{A8E75C42-22A1-415F-9F78-FAA7A0C1A578}.Debug|iPhone.Build.0 = Debug|Any CPU
		{A8E75C42-22A1-415F-9F78-FAA7A0C1A578}.Debug|iPhoneSimulator.ActiveCfg = Debug|Any CPU
		{A8E75C42-22A1-415F-9F78-FAA7A0C1A578}.Debug|iPhoneSimulator.Build.0 = Debug|Any CPU
		{A8E75C42-22A1-415F-9F78-FAA7A0C1A578}.Debug|x64.ActiveCfg = Debug|Any CPU
		{A8E75C42-22A1-415F-9F78-FAA7A0C1A578}.Debug|x64.Build.0 = Debug|Any CPU
		{A8E75C42-22A1-415F-9F78-FAA7A0C1A578}.Debug|x86.ActiveCfg = Debug|Any CPU
		{A8E75C42-22A1-415F-9F78-FAA7A0C1A578}.Debug|x86.Build.0 = Debug|Any CPU
		{A8E75C42-22A1-415F-9F78-FAA7A0C1A578}.Release|Any CPU.ActiveCfg = Release|Any CPU
		{A8E75C42-22A1-415F-9F78-FAA7A0C1A578}.Release|Any CPU.Build.0 = Release|Any CPU
		{A8E75C42-22A1-415F-9F78-FAA7A0C1A578}.Release|iPhone.ActiveCfg = Release|Any CPU
		{A8E75C42-22A1-415F-9F78-FAA7A0C1A578}.Release|iPhone.Build.0 = Release|Any CPU
		{A8E75C42-22A1-415F-9F78-FAA7A0C1A578}.Release|iPhoneSimulator.ActiveCfg = Release|Any CPU
		{A8E75C42-22A1-415F-9F78-FAA7A0C1A578}.Release|iPhoneSimulator.Build.0 = Release|Any CPU
		{A8E75C42-22A1-415F-9F78-FAA7A0C1A578}.Release|x64.ActiveCfg = Release|Any CPU
		{A8E75C42-22A1-415F-9F78-FAA7A0C1A578}.Release|x64.Build.0 = Release|Any CPU
		{A8E75C42-22A1-415F-9F78-FAA7A0C1A578}.Release|x86.ActiveCfg = Release|Any CPU
		{A8E75C42-22A1-415F-9F78-FAA7A0C1A578}.Release|x86.Build.0 = Release|Any CPU
		{4838837E-C1E1-42CD-AB9C-E6A31578717C}.Debug|Any CPU.ActiveCfg = Debug|Any CPU
		{4838837E-C1E1-42CD-AB9C-E6A31578717C}.Debug|Any CPU.Build.0 = Debug|Any CPU
		{4838837E-C1E1-42CD-AB9C-E6A31578717C}.Debug|iPhone.ActiveCfg = Debug|Any CPU
		{4838837E-C1E1-42CD-AB9C-E6A31578717C}.Debug|iPhone.Build.0 = Debug|Any CPU
		{4838837E-C1E1-42CD-AB9C-E6A31578717C}.Debug|iPhoneSimulator.ActiveCfg = Debug|Any CPU
		{4838837E-C1E1-42CD-AB9C-E6A31578717C}.Debug|iPhoneSimulator.Build.0 = Debug|Any CPU
		{4838837E-C1E1-42CD-AB9C-E6A31578717C}.Debug|x64.ActiveCfg = Debug|Any CPU
		{4838837E-C1E1-42CD-AB9C-E6A31578717C}.Debug|x64.Build.0 = Debug|Any CPU
		{4838837E-C1E1-42CD-AB9C-E6A31578717C}.Debug|x86.ActiveCfg = Debug|Any CPU
		{4838837E-C1E1-42CD-AB9C-E6A31578717C}.Debug|x86.Build.0 = Debug|Any CPU
		{4838837E-C1E1-42CD-AB9C-E6A31578717C}.Release|Any CPU.ActiveCfg = Release|Any CPU
		{4838837E-C1E1-42CD-AB9C-E6A31578717C}.Release|Any CPU.Build.0 = Release|Any CPU
		{4838837E-C1E1-42CD-AB9C-E6A31578717C}.Release|iPhone.ActiveCfg = Release|Any CPU
		{4838837E-C1E1-42CD-AB9C-E6A31578717C}.Release|iPhone.Build.0 = Release|Any CPU
		{4838837E-C1E1-42CD-AB9C-E6A31578717C}.Release|iPhoneSimulator.ActiveCfg = Release|Any CPU
		{4838837E-C1E1-42CD-AB9C-E6A31578717C}.Release|iPhoneSimulator.Build.0 = Release|Any CPU
		{4838837E-C1E1-42CD-AB9C-E6A31578717C}.Release|x64.ActiveCfg = Release|Any CPU
		{4838837E-C1E1-42CD-AB9C-E6A31578717C}.Release|x64.Build.0 = Release|Any CPU
		{4838837E-C1E1-42CD-AB9C-E6A31578717C}.Release|x86.ActiveCfg = Release|Any CPU
		{4838837E-C1E1-42CD-AB9C-E6A31578717C}.Release|x86.Build.0 = Release|Any CPU
		{5B18D26E-FD18-4D88-953E-90BB0E4528E2}.Debug|Any CPU.ActiveCfg = Debug|Any CPU
		{5B18D26E-FD18-4D88-953E-90BB0E4528E2}.Debug|Any CPU.Build.0 = Debug|Any CPU
		{5B18D26E-FD18-4D88-953E-90BB0E4528E2}.Debug|Any CPU.Deploy.0 = Debug|Any CPU
		{5B18D26E-FD18-4D88-953E-90BB0E4528E2}.Debug|iPhone.ActiveCfg = Debug|Any CPU
		{5B18D26E-FD18-4D88-953E-90BB0E4528E2}.Debug|iPhone.Build.0 = Debug|Any CPU
		{5B18D26E-FD18-4D88-953E-90BB0E4528E2}.Debug|iPhone.Deploy.0 = Debug|Any CPU
		{5B18D26E-FD18-4D88-953E-90BB0E4528E2}.Debug|iPhoneSimulator.ActiveCfg = Debug|Any CPU
		{5B18D26E-FD18-4D88-953E-90BB0E4528E2}.Debug|iPhoneSimulator.Build.0 = Debug|Any CPU
		{5B18D26E-FD18-4D88-953E-90BB0E4528E2}.Debug|iPhoneSimulator.Deploy.0 = Debug|Any CPU
		{5B18D26E-FD18-4D88-953E-90BB0E4528E2}.Debug|x64.ActiveCfg = Debug|Any CPU
		{5B18D26E-FD18-4D88-953E-90BB0E4528E2}.Debug|x64.Build.0 = Debug|Any CPU
		{5B18D26E-FD18-4D88-953E-90BB0E4528E2}.Debug|x64.Deploy.0 = Debug|Any CPU
		{5B18D26E-FD18-4D88-953E-90BB0E4528E2}.Debug|x86.ActiveCfg = Debug|Any CPU
		{5B18D26E-FD18-4D88-953E-90BB0E4528E2}.Debug|x86.Build.0 = Debug|Any CPU
		{5B18D26E-FD18-4D88-953E-90BB0E4528E2}.Debug|x86.Deploy.0 = Debug|Any CPU
		{5B18D26E-FD18-4D88-953E-90BB0E4528E2}.Release|Any CPU.ActiveCfg = Release|Any CPU
		{5B18D26E-FD18-4D88-953E-90BB0E4528E2}.Release|Any CPU.Build.0 = Release|Any CPU
		{5B18D26E-FD18-4D88-953E-90BB0E4528E2}.Release|Any CPU.Deploy.0 = Release|Any CPU
		{5B18D26E-FD18-4D88-953E-90BB0E4528E2}.Release|iPhone.ActiveCfg = Release|Any CPU
		{5B18D26E-FD18-4D88-953E-90BB0E4528E2}.Release|iPhone.Build.0 = Release|Any CPU
		{5B18D26E-FD18-4D88-953E-90BB0E4528E2}.Release|iPhone.Deploy.0 = Release|Any CPU
		{5B18D26E-FD18-4D88-953E-90BB0E4528E2}.Release|iPhoneSimulator.ActiveCfg = Release|Any CPU
		{5B18D26E-FD18-4D88-953E-90BB0E4528E2}.Release|iPhoneSimulator.Build.0 = Release|Any CPU
		{5B18D26E-FD18-4D88-953E-90BB0E4528E2}.Release|iPhoneSimulator.Deploy.0 = Release|Any CPU
		{5B18D26E-FD18-4D88-953E-90BB0E4528E2}.Release|x64.ActiveCfg = Release|Any CPU
		{5B18D26E-FD18-4D88-953E-90BB0E4528E2}.Release|x64.Build.0 = Release|Any CPU
		{5B18D26E-FD18-4D88-953E-90BB0E4528E2}.Release|x64.Deploy.0 = Release|Any CPU
		{5B18D26E-FD18-4D88-953E-90BB0E4528E2}.Release|x86.ActiveCfg = Release|Any CPU
		{5B18D26E-FD18-4D88-953E-90BB0E4528E2}.Release|x86.Build.0 = Release|Any CPU
		{5B18D26E-FD18-4D88-953E-90BB0E4528E2}.Release|x86.Deploy.0 = Release|Any CPU
		{D5CAD27C-1FFD-4883-B487-DE1C28F38BF2}.Debug|Any CPU.ActiveCfg = Debug|iPhone
		{D5CAD27C-1FFD-4883-B487-DE1C28F38BF2}.Debug|iPhone.ActiveCfg = Debug|iPhone
		{D5CAD27C-1FFD-4883-B487-DE1C28F38BF2}.Debug|iPhone.Build.0 = Debug|iPhone
		{D5CAD27C-1FFD-4883-B487-DE1C28F38BF2}.Debug|iPhoneSimulator.ActiveCfg = Debug|iPhoneSimulator
		{D5CAD27C-1FFD-4883-B487-DE1C28F38BF2}.Debug|iPhoneSimulator.Build.0 = Debug|iPhoneSimulator
		{D5CAD27C-1FFD-4883-B487-DE1C28F38BF2}.Debug|x64.ActiveCfg = Debug|iPhone
		{D5CAD27C-1FFD-4883-B487-DE1C28F38BF2}.Debug|x86.ActiveCfg = Debug|iPhone
		{D5CAD27C-1FFD-4883-B487-DE1C28F38BF2}.Release|Any CPU.ActiveCfg = Release|iPhone
		{D5CAD27C-1FFD-4883-B487-DE1C28F38BF2}.Release|iPhone.ActiveCfg = Release|iPhone
		{D5CAD27C-1FFD-4883-B487-DE1C28F38BF2}.Release|iPhone.Build.0 = Release|iPhone
		{D5CAD27C-1FFD-4883-B487-DE1C28F38BF2}.Release|iPhoneSimulator.ActiveCfg = Release|iPhoneSimulator
		{D5CAD27C-1FFD-4883-B487-DE1C28F38BF2}.Release|iPhoneSimulator.Build.0 = Release|iPhoneSimulator
		{D5CAD27C-1FFD-4883-B487-DE1C28F38BF2}.Release|x64.ActiveCfg = Release|iPhone
		{D5CAD27C-1FFD-4883-B487-DE1C28F38BF2}.Release|x86.ActiveCfg = Release|iPhone
		{39D0D830-4650-4EF6-9316-F9D1E0909B1D}.Debug|Any CPU.ActiveCfg = Debug|Any CPU
		{39D0D830-4650-4EF6-9316-F9D1E0909B1D}.Debug|Any CPU.Build.0 = Debug|Any CPU
		{39D0D830-4650-4EF6-9316-F9D1E0909B1D}.Debug|iPhone.ActiveCfg = Debug|Any CPU
		{39D0D830-4650-4EF6-9316-F9D1E0909B1D}.Debug|iPhone.Build.0 = Debug|Any CPU
		{39D0D830-4650-4EF6-9316-F9D1E0909B1D}.Debug|iPhoneSimulator.ActiveCfg = Debug|Any CPU
		{39D0D830-4650-4EF6-9316-F9D1E0909B1D}.Debug|iPhoneSimulator.Build.0 = Debug|Any CPU
		{39D0D830-4650-4EF6-9316-F9D1E0909B1D}.Debug|x64.ActiveCfg = Debug|Any CPU
		{39D0D830-4650-4EF6-9316-F9D1E0909B1D}.Debug|x64.Build.0 = Debug|Any CPU
		{39D0D830-4650-4EF6-9316-F9D1E0909B1D}.Debug|x86.ActiveCfg = Debug|Any CPU
		{39D0D830-4650-4EF6-9316-F9D1E0909B1D}.Debug|x86.Build.0 = Debug|Any CPU
		{39D0D830-4650-4EF6-9316-F9D1E0909B1D}.Release|Any CPU.ActiveCfg = Release|Any CPU
		{39D0D830-4650-4EF6-9316-F9D1E0909B1D}.Release|Any CPU.Build.0 = Release|Any CPU
		{39D0D830-4650-4EF6-9316-F9D1E0909B1D}.Release|iPhone.ActiveCfg = Release|Any CPU
		{39D0D830-4650-4EF6-9316-F9D1E0909B1D}.Release|iPhone.Build.0 = Release|Any CPU
		{39D0D830-4650-4EF6-9316-F9D1E0909B1D}.Release|iPhoneSimulator.ActiveCfg = Release|Any CPU
		{39D0D830-4650-4EF6-9316-F9D1E0909B1D}.Release|iPhoneSimulator.Build.0 = Release|Any CPU
		{39D0D830-4650-4EF6-9316-F9D1E0909B1D}.Release|x64.ActiveCfg = Release|Any CPU
		{39D0D830-4650-4EF6-9316-F9D1E0909B1D}.Release|x64.Build.0 = Release|Any CPU
		{39D0D830-4650-4EF6-9316-F9D1E0909B1D}.Release|x86.ActiveCfg = Release|Any CPU
		{39D0D830-4650-4EF6-9316-F9D1E0909B1D}.Release|x86.Build.0 = Release|Any CPU
		{A0F66369-E959-4EC4-BE4E-F2D10FEF2662}.Debug|Any CPU.ActiveCfg = Debug|Any CPU
		{A0F66369-E959-4EC4-BE4E-F2D10FEF2662}.Debug|Any CPU.Build.0 = Debug|Any CPU
		{A0F66369-E959-4EC4-BE4E-F2D10FEF2662}.Debug|iPhone.ActiveCfg = Debug|Any CPU
		{A0F66369-E959-4EC4-BE4E-F2D10FEF2662}.Debug|iPhone.Build.0 = Debug|Any CPU
		{A0F66369-E959-4EC4-BE4E-F2D10FEF2662}.Debug|iPhoneSimulator.ActiveCfg = Debug|Any CPU
		{A0F66369-E959-4EC4-BE4E-F2D10FEF2662}.Debug|iPhoneSimulator.Build.0 = Debug|Any CPU
		{A0F66369-E959-4EC4-BE4E-F2D10FEF2662}.Debug|x64.ActiveCfg = Debug|Any CPU
		{A0F66369-E959-4EC4-BE4E-F2D10FEF2662}.Debug|x64.Build.0 = Debug|Any CPU
		{A0F66369-E959-4EC4-BE4E-F2D10FEF2662}.Debug|x86.ActiveCfg = Debug|Any CPU
		{A0F66369-E959-4EC4-BE4E-F2D10FEF2662}.Debug|x86.Build.0 = Debug|Any CPU
		{A0F66369-E959-4EC4-BE4E-F2D10FEF2662}.Release|Any CPU.ActiveCfg = Release|Any CPU
		{A0F66369-E959-4EC4-BE4E-F2D10FEF2662}.Release|Any CPU.Build.0 = Release|Any CPU
		{A0F66369-E959-4EC4-BE4E-F2D10FEF2662}.Release|iPhone.ActiveCfg = Release|Any CPU
		{A0F66369-E959-4EC4-BE4E-F2D10FEF2662}.Release|iPhone.Build.0 = Release|Any CPU
		{A0F66369-E959-4EC4-BE4E-F2D10FEF2662}.Release|iPhoneSimulator.ActiveCfg = Release|Any CPU
		{A0F66369-E959-4EC4-BE4E-F2D10FEF2662}.Release|iPhoneSimulator.Build.0 = Release|Any CPU
		{A0F66369-E959-4EC4-BE4E-F2D10FEF2662}.Release|x64.ActiveCfg = Release|Any CPU
		{A0F66369-E959-4EC4-BE4E-F2D10FEF2662}.Release|x64.Build.0 = Release|Any CPU
		{A0F66369-E959-4EC4-BE4E-F2D10FEF2662}.Release|x86.ActiveCfg = Release|Any CPU
		{A0F66369-E959-4EC4-BE4E-F2D10FEF2662}.Release|x86.Build.0 = Release|Any CPU
		{386AFBEA-AAF4-408B-A6D5-9C57E209688C}.Debug|Any CPU.ActiveCfg = Debug|Any CPU
		{386AFBEA-AAF4-408B-A6D5-9C57E209688C}.Debug|Any CPU.Build.0 = Debug|Any CPU
		{386AFBEA-AAF4-408B-A6D5-9C57E209688C}.Debug|iPhone.ActiveCfg = Debug|Any CPU
		{386AFBEA-AAF4-408B-A6D5-9C57E209688C}.Debug|iPhone.Build.0 = Debug|Any CPU
		{386AFBEA-AAF4-408B-A6D5-9C57E209688C}.Debug|iPhoneSimulator.ActiveCfg = Debug|Any CPU
		{386AFBEA-AAF4-408B-A6D5-9C57E209688C}.Debug|iPhoneSimulator.Build.0 = Debug|Any CPU
		{386AFBEA-AAF4-408B-A6D5-9C57E209688C}.Debug|x64.ActiveCfg = Debug|Any CPU
		{386AFBEA-AAF4-408B-A6D5-9C57E209688C}.Debug|x64.Build.0 = Debug|Any CPU
		{386AFBEA-AAF4-408B-A6D5-9C57E209688C}.Debug|x86.ActiveCfg = Debug|Any CPU
		{386AFBEA-AAF4-408B-A6D5-9C57E209688C}.Debug|x86.Build.0 = Debug|Any CPU
		{386AFBEA-AAF4-408B-A6D5-9C57E209688C}.Release|Any CPU.ActiveCfg = Release|Any CPU
		{386AFBEA-AAF4-408B-A6D5-9C57E209688C}.Release|Any CPU.Build.0 = Release|Any CPU
		{386AFBEA-AAF4-408B-A6D5-9C57E209688C}.Release|iPhone.ActiveCfg = Release|Any CPU
		{386AFBEA-AAF4-408B-A6D5-9C57E209688C}.Release|iPhone.Build.0 = Release|Any CPU
		{386AFBEA-AAF4-408B-A6D5-9C57E209688C}.Release|iPhoneSimulator.ActiveCfg = Release|Any CPU
		{386AFBEA-AAF4-408B-A6D5-9C57E209688C}.Release|iPhoneSimulator.Build.0 = Release|Any CPU
		{386AFBEA-AAF4-408B-A6D5-9C57E209688C}.Release|x64.ActiveCfg = Release|Any CPU
		{386AFBEA-AAF4-408B-A6D5-9C57E209688C}.Release|x64.Build.0 = Release|Any CPU
		{386AFBEA-AAF4-408B-A6D5-9C57E209688C}.Release|x86.ActiveCfg = Release|Any CPU
		{386AFBEA-AAF4-408B-A6D5-9C57E209688C}.Release|x86.Build.0 = Release|Any CPU
	EndGlobalSection
	GlobalSection(SolutionProperties) = preSolution
		HideSolutionNode = FALSE
	EndGlobalSection
	GlobalSection(ExtensibilityGlobals) = postSolution
		SolutionGuid = {A80A728D-846B-4020-A2B7-94F5F0C0B6F6}
	EndGlobalSection
EndGlobal
